dependencies:
  espressif/dl_fft:
    component_hash: 3e8f7d34e04bfa6333f289a6d126745bebe0cee9311b81a6a5d106047f63ef65
    dependencies:
    - name: idf
      require: private
      version: '>=5.0'
    source:
      registry_url: https://components.espressif.com
      type: service
    version: 0.7.0
  espressif/esp-dl:
    component_hash: 233ee8d37dfedeb637fc74713b87bd861ac530cfbcc4c63c57c2e51064cdda31
    dependencies:
    - name: espressif/dl_fft
      registry_url: https://components.espressif.com
      require: private
      version: '>=0.6.0'
    - name: espressif/esp_new_jpeg
      registry_url: https://components.espressif.com
      require: private
      version: ^1
    - name: idf
      require: private
      version: '*'
    source:
      registry_url: https://components.espressif.com/
      type: service
    targets:
    - esp32
    - esp32c2
    - esp32c3
    - esp32c5
    - esp32c6
    - esp32p4
    - esp32s2
    - esp32s3
    - esp32s31
    version: 3.3.11
  espressif/esp_new_jpeg:
    component_hash: e1e7e6991193c41ed6c9fc386702aa7821433319e7aa9c3147cd3236310cd69c
    dependencies: []
    source:
      registry_url: https://components.espressif.com
      type: service
    targets:
    - esp32
    - esp32s2
    - esp32s3
    - esp32s31
    - esp32p4
    - esp32c2
    - esp32c3
    - esp32c5
    - esp32c6
    - esp32c61
    - esp32h4
    version: 1.0.2
  espressif/usb_host_uvc:
    component_hash: 183e5737a457f2e8d6b2cc6fa5a1ba6faa5f77e1b7d64f3fe57462ccf2a38e17
    dependencies:
    - name: idf
      require: private
      version: '>=5.0'
    - name: espressif/usb
      registry_url: https://components.espressif.com
      require: public
      rules:
      - if: idf_version >=6.0
      - if: target not in ["linux"]
      version: ^1.0.0
    source:
      registry_url: https://components.espressif.com/
      type: service
    targets:
    - esp32s2
    - esp32s3
    - esp32p4
    - esp32h4
    - esp32s31
    - linux
    version: 2.6.0
  idf:
    source:
      type: idf
    version: 5.5.5
  m5stack/m5gfx:
    component_hash: 4763185d0b0a3dc429d14bbf76cd2d4db19fc22841d5071f63f53267196e6ad5
    dependencies: []
    source:
      registry_url: https://components.espressif.com
      type: service
    version: 0.2.29
  m5stack/m5unified:
    component_hash: fef7a2898eecf28742feb082a93cd62a1a42ff3490cfe51464f853bbaf9d42ce
    dependencies:
    - name: m5stack/m5gfx
      registry_url: https://components.espressif.com
      require: private
      version: '>=0.2.29'
    source:
      registry_url: https://components.espressif.com/
      type: service
    version: 0.2.22
direct_dependencies:
- espressif/esp-dl
- espressif/usb_host_uvc
- idf
- m5stack/m5unified
manifest_hash: 666896b00487b5be97c439a238af5b89736450a3ae91990e83e5151a5a5d1942
target: esp32p4
version: 2.0.0
